dependencies:
- name: kube-state-metrics
  repository: https://prometheus-community.github.io/helm-charts
  version: 6.3.0
- name: prometheus-node-exporter
  repository: https://prometheus-community.github.io/helm-charts
  version: 4.47.3
digest: sha256:4bf9da3888fb18fbb2e13b9527d8261f235c99275e0145e2faff62ea205cee2f
generated: "2025-09-07T23:31:04.373262+02:00"
